
Microsoft Visual Studio Solution File, Format Version 12.00
# Visual Studio Version 17
VisualStudioVersion = 17.1.32407.343
MinimumVisualStudioVersion = 10.0.40219.1
Project("{FAE04EC0-301F-11D3-BF4B-00C04F79EFBC}") = "FieldAgent.Core", "FieldAgent.Core\FieldAgent.Core.csproj", "{F2714CE2-1DFF-454F-8076-A452BCBB44CC}"
EndProject
Project("{FAE04EC0-301F-11D3-BF4B-00C04F79EFBC}") = "FieldAgent.DAL", "FieldAgent.DAL\FieldAgent.DAL.csproj", "{C1E56E29-CD0B-408F-8110-3FFC76FC4742}"
EndProject
Project("{FAE04EC0-301F-11D3-BF4B-00C04F79EFBC}") = "FieldAgent.DAL.Test", "FieldAgent.DAL.Test\FieldAgent.DAL.Test.csproj", "{990BC4B2-483A-4D22-A8D8-1A7E09897F69}"
EndProject
Global
	GlobalSection(SolutionConfigurationPlatforms) = preSolution
		Debug|Any CPU = Debug|Any CPU
		Release|Any CPU = Release|Any CPU
	EndGlobalSection
	GlobalSection(ProjectConfigurationPlatforms) = postSolution
		{F2714CE2-1DFF-454F-8076-A452BCBB44CC}.Debug|Any CPU.ActiveCfg = Debug|Any CPU
		{F2714CE2-1DFF-454F-8076-A452BCBB44CC}.Debug|Any CPU.Build.0 = Debug|Any CPU
		{F2714CE2-1DFF-454F-8076-A452BCBB44CC}.Release|Any CPU.ActiveCfg = Release|Any CPU
		{F2714CE2-1DFF-454F-8076-A452BCBB44CC}.Release|Any CPU.Build.0 = Release|Any CPU
		{C1E56E29-CD0B-408F-8110-3FFC76FC4742}.Debug|Any CPU.ActiveCfg = Debug|Any CPU
		{C1E56E29-CD0B-408F-8110-3FFC76FC4742}.Debug|Any CPU.Build.0 = Debug|Any CPU
		{C1E56E29-CD0B-408F-8110-3FFC76FC4742}.Release|Any CPU.ActiveCfg = Release|Any CPU
		{C1E56E29-CD0B-408F-8110-3FFC76FC4742}.Release|Any CPU.Build.0 = Release|Any CPU
		{990BC4B2-483A-4D22-A8D8-1A7E09897F69}.Debug|Any CPU.ActiveCfg = Debug|Any CPU
		{990BC4B2-483A-4D22-A8D8-1A7E09897F69}.Debug|Any CPU.Build.0 = Debug|Any CPU
		{990BC4B2-483A-4D22-A8D8-1A7E09897F69}.Release|Any CPU.ActiveCfg = Release|Any CPU
		{990BC4B2-483A-4D22-A8D8-1A7E09897F69}.Release|Any CPU.Build.0 = Release|Any CPU
	EndGlobalSection
	GlobalSection(SolutionProperties) = preSolution
		HideSolutionNode = FALSE
	EndGlobalSection
	GlobalSection(ExtensibilityGlobals) = postSolution
		SolutionGuid = {CCAE3871-22B5-47BD-8AD5-E7DD4560053D}
	EndGlobalSection
EndGlobal
